
Microsoft Visual Studio Solution File, Format Version 12.00
# Visual Studio 15
VisualStudioVersion = 15.0.27703.2018
MinimumVisualStudioVersion = 10.0.40219.1
Project("{FAE04EC0-301F-11D3-BF4B-00C04F79EFBC}") = "WebSample", "WebSample\WebSample.csproj", "{48C9912F-47DD-46BA-912E-18962D919FD0}"
EndProject
Project("{FAE04EC0-301F-11D3-BF4B-00C04F79EFBC}") = "WebSample.Tests", "WebSample.Tests\WebSample.Tests.csproj", "{44ACCC86-D17B-4B6B-AC8C-1A88408234F3}"
EndProject
Global
	GlobalSection(SolutionConfigurationPlatforms) = preSolution
		Debug|Any CPU = Debug|Any CPU
		Release|Any CPU = Release|Any CPU
	EndGlobalSection
	GlobalSection(ProjectConfigurationPlatforms) = postSolution
		{48C9912F-47DD-46BA-912E-18962D919FD0}.Debug|Any CPU.ActiveCfg = Debug|Any CPU
		{48C9912F-47DD-46BA-912E-18962D919FD0}.Debug|Any CPU.Build.0 = Debug|Any CPU
		{48C9912F-47DD-46BA-912E-18962D919FD0}.Release|Any CPU.ActiveCfg = Release|Any CPU
		{48C9912F-47DD-46BA-912E-18962D919FD0}.Release|Any CPU.Build.0 = Release|Any CPU
		{44ACCC86-D17B-4B6B-AC8C-1A88408234F3}.Debug|Any CPU.ActiveCfg = Debug|Any CPU
		{44ACCC86-D17B-4B6B-AC8C-1A88408234F3}.Debug|Any CPU.Build.0 = Debug|Any CPU
		{44ACCC86-D17B-4B6B-AC8C-1A88408234F3}.Release|Any CPU.ActiveCfg = Release|Any CPU
		{44ACCC86-D17B-4B6B-AC8C-1A88408234F3}.Release|Any CPU.Build.0 = Release|Any CPU
	EndGlobalSection
	GlobalSection(SolutionProperties) = preSolution
		HideSolutionNode = FALSE
	EndGlobalSection
	GlobalSection(ExtensibilityGlobals) = postSolution
		SolutionGuid = {1F1C9BC4-82B2-4BB9-BF60-1F2238E86BB6}
	EndGlobalSection
EndGlobal
